
Microsoft Visual Studio Solution File, Format Version 12.00
# Visual Studio Version 16
VisualStudioVersion = 16.0.30320.27
MinimumVisualStudioVersion = 10.0.40219.1
Project("{9A19103F-16F7-4668-BE54-9A1E7A4F7556}") = "ComandaWeb", "ComandaWeb\ComandaWeb.csproj", "{068BE6C8-5A69-4C8D-9090-AA633F77AF6F}"
EndProject
Project("{9A19103F-16F7-4668-BE54-9A1E7A4F7556}") = "ComandaWeb.DAL.Comanda", "ComandaWeb.DAL.Comanda\ComandaWeb.DAL.Comanda.csproj", "{B00A0653-1F27-4A94-AA99-F6273E753D71}"
EndProject
Project("{9A19103F-16F7-4668-BE54-9A1E7A4F7556}") = "ComandaWeb.Model", "ComandaWeb.Model\ComandaWeb.Model.csproj", "{65F701FF-26D1-4C9C-A3C5-E76EF9690CF8}"
EndProject
Project("{2150E333-8FDC-42A3-9474-1A3956D46DE8}") = "Comum", "Comum", "{9921446C-DF2B-4EF9-ACB2-B87B1F89B19B}"
EndProject
Project("{2150E333-8FDC-42A3-9474-1A3956D46DE8}") = "Servicos", "Servicos", "{4A3AFF40-C540-4C5D-BC87-1CA3482CAF80}"
EndProject
Project("{2150E333-8FDC-42A3-9474-1A3956D46DE8}") = "Testes", "Testes", "{FE789817-401C-4505-9984-7B3B1B8C3A32}"
EndProject
Project("{9A19103F-16F7-4668-BE54-9A1E7A4F7556}") = "ComandaWebXUnitTest", "ComandaWebXUnitTest\ComandaWebXUnitTest.csproj", "{5FB1CD2A-9935-4517-8757-912EC02A9500}"
EndProject
Project("{FAE04EC0-301F-11D3-BF4B-00C04F79EFBC}") = "ComandaWeb.Seguranca", "ComandaWeb.Seguranca\ComandaWeb.Seguranca.csproj", "{A5C724B5-9B72-4AF2-BF14-C06B0B86773C}"
EndProject
Project("{FAE04EC0-301F-11D3-BF4B-00C04F79EFBC}") = "ComandaWeb.ProvedorAutenticacao", "ComandaWeb.ProvedorAutenticacao\ComandaWeb.ProvedorAutenticacao.csproj", "{053B9618-F0E2-460F-8FBA-3C890C1A995E}"
EndProject
Project("{FAE04EC0-301F-11D3-BF4B-00C04F79EFBC}") = "ComandaWeb.DAL.Usuario", "ComandaWeb.Usuario\ComandaWeb.DAL.Usuario.csproj", "{CA757B7A-8A91-40F7-AE37-812D5D8D5FAF}"
EndProject
Global
	GlobalSection(SolutionConfigurationPlatforms) = preSolution
		Debug|Any CPU = Debug|Any CPU
		Release|Any CPU = Release|Any CPU
	EndGlobalSection
	GlobalSection(ProjectConfigurationPlatforms) = postSolution
		{068BE6C8-5A69-4C8D-9090-AA633F77AF6F}.Debug|Any CPU.ActiveCfg = Debug|Any CPU
		{068BE6C8-5A69-4C8D-9090-AA633F77AF6F}.Debug|Any CPU.Build.0 = Debug|Any CPU
		{068BE6C8-5A69-4C8D-9090-AA633F77AF6F}.Release|Any CPU.ActiveCfg = Release|Any CPU
		{068BE6C8-5A69-4C8D-9090-AA633F77AF6F}.Release|Any CPU.Build.0 = Release|Any CPU
		{B00A0653-1F27-4A94-AA99-F6273E753D71}.Debug|Any CPU.ActiveCfg = Debug|Any CPU
		{B00A0653-1F27-4A94-AA99-F6273E753D71}.Debug|Any CPU.Build.0 = Debug|Any CPU
		{B00A0653-1F27-4A94-AA99-F6273E753D71}.Release|Any CPU.ActiveCfg = Release|Any CPU
		{B00A0653-1F27-4A94-AA99-F6273E753D71}.Release|Any CPU.Build.0 = Release|Any CPU
		{65F701FF-26D1-4C9C-A3C5-E76EF9690CF8}.Debug|Any CPU.ActiveCfg = Debug|Any CPU
		{65F701FF-26D1-4C9C-A3C5-E76EF9690CF8}.Debug|Any CPU.Build.0 = Debug|Any CPU
		{65F701FF-26D1-4C9C-A3C5-E76EF9690CF8}.Release|Any CPU.ActiveCfg = Release|Any CPU
		{65F701FF-26D1-4C9C-A3C5-E76EF9690CF8}.Release|Any CPU.Build.0 = Release|Any CPU
		{5FB1CD2A-9935-4517-8757-912EC02A9500}.Debug|Any CPU.ActiveCfg = Debug|Any CPU
		{5FB1CD2A-9935-4517-8757-912EC02A9500}.Debug|Any CPU.Build.0 = Debug|Any CPU
		{5FB1CD2A-9935-4517-8757-912EC02A9500}.Release|Any CPU.ActiveCfg = Release|Any CPU
		{5FB1CD2A-9935-4517-8757-912EC02A9500}.Release|Any CPU.Build.0 = Release|Any CPU
		{A5C724B5-9B72-4AF2-BF14-C06B0B86773C}.Debug|Any CPU.ActiveCfg = Debug|Any CPU
		{A5C724B5-9B72-4AF2-BF14-C06B0B86773C}.Debug|Any CPU.Build.0 = Debug|Any CPU
		{A5C724B5-9B72-4AF2-BF14-C06B0B86773C}.Release|Any CPU.ActiveCfg = Release|Any CPU
		{A5C724B5-9B72-4AF2-BF14-C06B0B86773C}.Release|Any CPU.Build.0 = Release|Any CPU
		{053B9618-F0E2-460F-8FBA-3C890C1A995E}.Debug|Any CPU.ActiveCfg = Debug|Any CPU
		{053B9618-F0E2-460F-8FBA-3C890C1A995E}.Debug|Any CPU.Build.0 = Debug|Any CPU
		{053B9618-F0E2-460F-8FBA-3C890C1A995E}.Release|Any CPU.ActiveCfg = Release|Any CPU
		{053B9618-F0E2-460F-8FBA-3C890C1A995E}.Release|Any CPU.Build.0 = Release|Any CPU
		{CA757B7A-8A91-40F7-AE37-812D5D8D5FAF}.Debug|Any CPU.ActiveCfg = Debug|Any CPU
		{CA757B7A-8A91-40F7-AE37-812D5D8D5FAF}.Debug|Any CPU.Build.0 = Debug|Any CPU
		{CA757B7A-8A91-40F7-AE37-812D5D8D5FAF}.Release|Any CPU.ActiveCfg = Release|Any CPU
		{CA757B7A-8A91-40F7-AE37-812D5D8D5FAF}.Release|Any CPU.Build.0 = Release|Any CPU
	EndGlobalSection
	GlobalSection(SolutionProperties) = preSolution
		HideSolutionNode = FALSE
	EndGlobalSection
	GlobalSection(NestedProjects) = preSolution
		{068BE6C8-5A69-4C8D-9090-AA633F77AF6F} = {4A3AFF40-C540-4C5D-BC87-1CA3482CAF80}
		{B00A0653-1F27-4A94-AA99-F6273E753D71} = {9921446C-DF2B-4EF9-ACB2-B87B1F89B19B}
		{65F701FF-26D1-4C9C-A3C5-E76EF9690CF8} = {9921446C-DF2B-4EF9-ACB2-B87B1F89B19B}
		{5FB1CD2A-9935-4517-8757-912EC02A9500} = {FE789817-401C-4505-9984-7B3B1B8C3A32}
		{A5C724B5-9B72-4AF2-BF14-C06B0B86773C} = {9921446C-DF2B-4EF9-ACB2-B87B1F89B19B}
		{053B9618-F0E2-460F-8FBA-3C890C1A995E} = {4A3AFF40-C540-4C5D-BC87-1CA3482CAF80}
		{CA757B7A-8A91-40F7-AE37-812D5D8D5FAF} = {9921446C-DF2B-4EF9-ACB2-B87B1F89B19B}
	EndGlobalSection
	GlobalSection(ExtensibilityGlobals) = postSolution
		SolutionGuid = {179C8B44-FB14-4B8F-9774-8D6241923C03}
	EndGlobalSection
EndGlobal
